
Microsoft Visual Studio Solution File, Format Version 12.00
# Visual Studio 15
VisualStudioVersion = 15.0.27004.2005
MinimumVisualStudioVersion = 10.0.40219.1
Project("{9A19103F-16F7-4668-BE54-9A1E7A4F7556}") = "GitHubHook.S3Dump", "samples\GitHubHook.S3Dump\GitHubHook.S3Dump.csproj", "{6EBBE278-6601-4A7E-BF51-FEE4C43781C4}"
EndProject
Project("{9A19103F-16F7-4668-BE54-9A1E7A4F7556}") = "GitHubHook", "GitHubHook\GitHubHook.csproj", "{90AD0F32-15A5-47EB-9A9A-15BEA9E8DFA7}"
EndProject
Project("{9A19103F-16F7-4668-BE54-9A1E7A4F7556}") = "GitHubHook.Tests", "GitHubHook.Tests\GitHubHook.Tests.csproj", "{B1A847AB-B0CA-4B69-93F2-F914D1055C4A}"
EndProject
Project("{2150E333-8FDC-42A3-9474-1A3956D46DE8}") = "samples", "samples", "{93AA3124-F1C0-4E03-A01C-1BD7A06043C3}"
EndProject
Global
	GlobalSection(SolutionConfigurationPlatforms) = preSolution
		Debug|Any CPU = Debug|Any CPU
		Release|Any CPU = Release|Any CPU
	EndGlobalSection
	GlobalSection(ProjectConfigurationPlatforms) = postSolution
		{6EBBE278-6601-4A7E-BF51-FEE4C43781C4}.Debug|Any CPU.ActiveCfg = Debug|Any CPU
		{6EBBE278-6601-4A7E-BF51-FEE4C43781C4}.Debug|Any CPU.Build.0 = Debug|Any CPU
		{6EBBE278-6601-4A7E-BF51-FEE4C43781C4}.Release|Any CPU.ActiveCfg = Release|Any CPU
		{6EBBE278-6601-4A7E-BF51-FEE4C43781C4}.Release|Any CPU.Build.0 = Release|Any CPU
		{90AD0F32-15A5-47EB-9A9A-15BEA9E8DFA7}.Debug|Any CPU.ActiveCfg = Debug|Any CPU
		{90AD0F32-15A5-47EB-9A9A-15BEA9E8DFA7}.Debug|Any CPU.Build.0 = Debug|Any CPU
		{90AD0F32-15A5-47EB-9A9A-15BEA9E8DFA7}.Release|Any CPU.ActiveCfg = Release|Any CPU
		{90AD0F32-15A5-47EB-9A9A-15BEA9E8DFA7}.Release|Any CPU.Build.0 = Release|Any CPU
		{B1A847AB-B0CA-4B69-93F2-F914D1055C4A}.Debug|Any CPU.ActiveCfg = Debug|Any CPU
		{B1A847AB-B0CA-4B69-93F2-F914D1055C4A}.Debug|Any CPU.Build.0 = Debug|Any CPU
		{B1A847AB-B0CA-4B69-93F2-F914D1055C4A}.Release|Any CPU.ActiveCfg = Release|Any CPU
		{B1A847AB-B0CA-4B69-93F2-F914D1055C4A}.Release|Any CPU.Build.0 = Release|Any CPU
	EndGlobalSection
	GlobalSection(SolutionProperties) = preSolution
		HideSolutionNode = FALSE
	EndGlobalSection
	GlobalSection(NestedProjects) = preSolution
		{6EBBE278-6601-4A7E-BF51-FEE4C43781C4} = {93AA3124-F1C0-4E03-A01C-1BD7A06043C3}
	EndGlobalSection
	GlobalSection(ExtensibilityGlobals) = postSolution
		SolutionGuid = {D155B534-ABF0-40E8-9B39-8ED360A522E7}
	EndGlobalSection
EndGlobal
